
Microsoft Visual Studio Solution File, Format Version 12.00
# Visual Studio Version 17
VisualStudioVersion = 17.6.33815.320
MinimumVisualStudioVersion = 10.0.40219.1
Project("{9A19103F-16F7-4668-BE54-9A1E7A4F7556}") = "NLayer.Core", "NLayer.Core\NLayer.Core.csproj", "{442EF4B3-FA44-4030-9C3C-A8ECDB6B381D}"
EndProject
Project("{9A19103F-16F7-4668-BE54-9A1E7A4F7556}") = "NLayer.Repository", "NLayer.Repository\NLayer.Repository.csproj", "{8D01826E-20B3-4B2D-94A3-870A704EDC21}"
EndProject
Project("{9A19103F-16F7-4668-BE54-9A1E7A4F7556}") = "NLayer.Service", "NLayer.Service\NLayer.Service.csproj", "{3443C2A4-84EA-4BCA-AEEC-651358D6D3C4}"
EndProject
Project("{FAE04EC0-301F-11D3-BF4B-00C04F79EFBC}") = "NLayer.API", "NLayer.API\NLayer.API.csproj", "{95E427FF-3CF9-4EF2-B5DF-92A429C84D91}"
EndProject
Project("{9A19103F-16F7-4668-BE54-9A1E7A4F7556}") = "NLayer.Web", "NLayer.Web\NLayer.Web.csproj", "{651E8B24-14F8-4195-A9CB-CC346BA4B672}"
EndProject
Project("{9A19103F-16F7-4668-BE54-9A1E7A4F7556}") = "NLayer.Caching", "NLayer.Caching\NLayer.Caching.csproj", "{E39DDFDB-A46D-4EE7-BFB2-080985438CF7}"
EndProject
Project("{2150E333-8FDC-42A3-9474-1A3956D46DE8}") = "Solution Items", "Solution Items", "{364A2529-F92B-4246-9F8B-ADA852F459CD}"
	ProjectSection(SolutionItems) = preProject
		Ports.txt = Ports.txt
	EndProjectSection
EndProject
Global
	GlobalSection(SolutionConfigurationPlatforms) = preSolution
		Debug|Any CPU = Debug|Any CPU
		Release|Any CPU = Release|Any CPU
	EndGlobalSection
	GlobalSection(ProjectConfigurationPlatforms) = postSolution
		{442EF4B3-FA44-4030-9C3C-A8ECDB6B381D}.Debug|Any CPU.ActiveCfg = Debug|Any CPU
		{442EF4B3-FA44-4030-9C3C-A8ECDB6B381D}.Debug|Any CPU.Build.0 = Debug|Any CPU
		{442EF4B3-FA44-4030-9C3C-A8ECDB6B381D}.Release|Any CPU.ActiveCfg = Release|Any CPU
		{442EF4B3-FA44-4030-9C3C-A8ECDB6B381D}.Release|Any CPU.Build.0 = Release|Any CPU
		{8D01826E-20B3-4B2D-94A3-870A704EDC21}.Debug|Any CPU.ActiveCfg = Debug|Any CPU
		{8D01826E-20B3-4B2D-94A3-870A704EDC21}.Debug|Any CPU.Build.0 = Debug|Any CPU
		{8D01826E-20B3-4B2D-94A3-870A704EDC21}.Release|Any CPU.ActiveCfg = Release|Any CPU
		{8D01826E-20B3-4B2D-94A3-870A704EDC21}.Release|Any CPU.Build.0 = Release|Any CPU
		{3443C2A4-84EA-4BCA-AEEC-651358D6D3C4}.Debug|Any CPU.ActiveCfg = Debug|Any CPU
		{3443C2A4-84EA-4BCA-AEEC-651358D6D3C4}.Debug|Any CPU.Build.0 = Debug|Any CPU
		{3443C2A4-84EA-4BCA-AEEC-651358D6D3C4}.Release|Any CPU.ActiveCfg = Release|Any CPU
		{3443C2A4-84EA-4BCA-AEEC-651358D6D3C4}.Release|Any CPU.Build.0 = Release|Any CPU
		{95E427FF-3CF9-4EF2-B5DF-92A429C84D91}.Debug|Any CPU.ActiveCfg = Debug|Any CPU
		{95E427FF-3CF9-4EF2-B5DF-92A429C84D91}.Debug|Any CPU.Build.0 = Debug|Any CPU
		{95E427FF-3CF9-4EF2-B5DF-92A429C84D91}.Release|Any CPU.ActiveCfg = Release|Any CPU
		{95E427FF-3CF9-4EF2-B5DF-92A429C84D91}.Release|Any CPU.Build.0 = Release|Any CPU
		{651E8B24-14F8-4195-A9CB-CC346BA4B672}.Debug|Any CPU.ActiveCfg = Debug|Any CPU
		{651E8B24-14F8-4195-A9CB-CC346BA4B672}.Debug|Any CPU.Build.0 = Debug|Any CPU
		{651E8B24-14F8-4195-A9CB-CC346BA4B672}.Release|Any CPU.ActiveCfg = Release|Any CPU
		{651E8B24-14F8-4195-A9CB-CC346BA4B672}.Release|Any CPU.Build.0 = Release|Any CPU
		{E39DDFDB-A46D-4EE7-BFB2-080985438CF7}.Debug|Any CPU.ActiveCfg = Debug|Any CPU
		{E39DDFDB-A46D-4EE7-BFB2-080985438CF7}.Debug|Any CPU.Build.0 = Debug|Any CPU
		{E39DDFDB-A46D-4EE7-BFB2-080985438CF7}.Release|Any CPU.ActiveCfg = Release|Any CPU
		{E39DDFDB-A46D-4EE7-BFB2-080985438CF7}.Release|Any CPU.Build.0 = Release|Any CPU
	EndGlobalSection
	GlobalSection(SolutionProperties) = preSolution
		HideSolutionNode = FALSE
	EndGlobalSection
	GlobalSection(ExtensibilityGlobals) = postSolution
		SolutionGuid = {2507F953-A654-40CC-A494-9FA5BFF72E47}
	EndGlobalSection
EndGlobal
